
Microsoft Visual Studio Solution File, Format Version 12.00
# Visual Studio Version 17
VisualStudioVersion = 17.10.35027.167
MinimumVisualStudioVersion = 10.0.40219.1
Project("{FAE04EC0-301F-11D3-BF4B-00C04F79EFBC}") = "Insert_Data_One_Table_To_Another", "Insert_Data_One_Table_To_Another\Insert_Data_One_Table_To_Another.csproj", "{652C70F5-58D5-406E-B6E3-06794F220532}"
EndProject
Global
	GlobalSection(SolutionConfigurationPlatforms) = preSolution
		Debug|Any CPU = Debug|Any CPU
		Release|Any CPU = Release|Any CPU
	EndGlobalSection
	GlobalSection(ProjectConfigurationPlatforms) = postSolution
		{652C70F5-58D5-406E-B6E3-06794F220532}.Debug|Any CPU.ActiveCfg = Debug|Any CPU
		{652C70F5-58D5-406E-B6E3-06794F220532}.Debug|Any CPU.Build.0 = Debug|Any CPU
		{652C70F5-58D5-406E-B6E3-06794F220532}.Release|Any CPU.ActiveCfg = Release|Any CPU
		{652C70F5-58D5-406E-B6E3-06794F220532}.Release|Any CPU.Build.0 = Release|Any CPU
	EndGlobalSection
	GlobalSection(SolutionProperties) = preSolution
		HideSolutionNode = FALSE
	EndGlobalSection
	GlobalSection(ExtensibilityGlobals) = postSolution
		SolutionGuid = {AA3AF3AC-7CAF-44C0-8A7D-5BCE11F89616}
	EndGlobalSection
EndGlobal
